
Microsoft Visual Studio Solution File, Format Version 12.00
# Visual Studio Version 16
VisualStudioVersion = 16.0.31424.327
MinimumVisualStudioVersion = 10.0.40219.1
Project("{FAE04EC0-301F-11D3-BF4B-00C04F79EFBC}") = "BBQ Turco", "BBQ Turco\BBQ Turco.csproj", "{C4ADC619-BB5A-4D86-AF31-D5AE4F688481}"
EndProject
Global
	GlobalSection(SolutionConfigurationPlatforms) = preSolution
		Debug|Any CPU = Debug|Any CPU
		Release|Any CPU = Release|Any CPU
	EndGlobalSection
	GlobalSection(ProjectConfigurationPlatforms) = postSolution
		{C4ADC619-BB5A-4D86-AF31-D5AE4F688481}.Debug|Any CPU.ActiveCfg = Debug|Any CPU
		{C4ADC619-BB5A-4D86-AF31-D5AE4F688481}.Debug|Any CPU.Build.0 = Debug|Any CPU
		{C4ADC619-BB5A-4D86-AF31-D5AE4F688481}.Release|Any CPU.ActiveCfg = Release|Any CPU
		{C4ADC619-BB5A-4D86-AF31-D5AE4F688481}.Release|Any CPU.Build.0 = Release|Any CPU
	EndGlobalSection
	GlobalSection(SolutionProperties) = preSolution
		HideSolutionNode = FALSE
	EndGlobalSection
	GlobalSection(ExtensibilityGlobals) = postSolution
		SolutionGuid = {19611113-44ED-456B-87BF-0A8EEDC3B003}
	EndGlobalSection
EndGlobal
